
Microsoft Visual Studio Solution File, Format Version 12.00
# Visual Studio Version 17
VisualStudioVersion = 17.14.37216.2 d17.14
MinimumVisualStudioVersion = 10.0.40219.1
Project("{FAE04EC0-301F-11D3-BF4B-00C04F79EFBC}") = "fajlbeolvasas", "fajlbeolvasas\fajlbeolvasas.csproj", "{7404B7B7-1DCC-46BE-A225-B09EC9544202}"
EndProject
Global
	GlobalSection(SolutionConfigurationPlatforms) = preSolution
		Debug|Any CPU = Debug|Any CPU
		Release|Any CPU = Release|Any CPU
	EndGlobalSection
	GlobalSection(ProjectConfigurationPlatforms) = postSolution
		{7404B7B7-1DCC-46BE-A225-B09EC9544202}.Debug|Any CPU.ActiveCfg = Debug|Any CPU
		{7404B7B7-1DCC-46BE-A225-B09EC9544202}.Debug|Any CPU.Build.0 = Debug|Any CPU
		{7404B7B7-1DCC-46BE-A225-B09EC9544202}.Release|Any CPU.ActiveCfg = Release|Any CPU
		{7404B7B7-1DCC-46BE-A225-B09EC9544202}.Release|Any CPU.Build.0 = Release|Any CPU
	EndGlobalSection
	GlobalSection(SolutionProperties) = preSolution
		HideSolutionNode = FALSE
	EndGlobalSection
	GlobalSection(ExtensibilityGlobals) = postSolution
		SolutionGuid = {C877115B-13AA-417F-B9AB-98849B6CE488}
	EndGlobalSection
EndGlobal
